
Microsoft Visual Studio Solution File, Format Version 12.00
# Visual Studio 15
VisualStudioVersion = 15.0.27004.2009
MinimumVisualStudioVersion = 10.0.40219.1
Project("{FAE04EC0-301F-11D3-BF4B-00C04F79EFBC}") = "Snipt.CRM", "Snipt.CRM\Snipt.CRM.csproj", "{D95AE145-EA3E-43EF-B79F-493EE850F427}"
EndProject
Global
	GlobalSection(SolutionConfigurationPlatforms) = preSolution
		Debug|Any CPU = Debug|Any CPU
		Release|Any CPU = Release|Any CPU
	EndGlobalSection
	GlobalSection(ProjectConfigurationPlatforms) = postSolution
		{D95AE145-EA3E-43EF-B79F-493EE850F427}.Debug|Any CPU.ActiveCfg = Debug|Any CPU
		{D95AE145-EA3E-43EF-B79F-493EE850F427}.Debug|Any CPU.Build.0 = Debug|Any CPU
		{D95AE145-EA3E-43EF-B79F-493EE850F427}.Release|Any CPU.ActiveCfg = Release|Any CPU
		{D95AE145-EA3E-43EF-B79F-493EE850F427}.Release|Any CPU.Build.0 = Release|Any CPU
	EndGlobalSection
	GlobalSection(SolutionProperties) = preSolution
		HideSolutionNode = FALSE
	EndGlobalSection
	GlobalSection(ExtensibilityGlobals) = postSolution
		SolutionGuid = {8C4CA2D8-2F46-46FA-B7C2-B2C3A7C40B2D}
	EndGlobalSection
EndGlobal
